
Microsoft Visual Studio Solution File, Format Version 12.00
# Visual Studio 14
VisualStudioVersion = 14.0.25420.1
MinimumVisualStudioVersion = 10.0.40219.1
Project("{FAE04EC0-301F-11D3-BF4B-00C04F79EFBC}") = "WowForum", "WowForum\WowForum.csproj", "{96EC2494-0C88-4AD4-9FE6-B4A8D85A00FC}"
EndProject
Global
	GlobalSection(SolutionConfigurationPlatforms) = preSolution
		Debug|Any CPU = Debug|Any CPU
		Release|Any CPU = Release|Any CPU
	EndGlobalSection
	GlobalSection(ProjectConfigurationPlatforms) = postSolution
		{96EC2494-0C88-4AD4-9FE6-B4A8D85A00FC}.Debug|Any CPU.ActiveCfg = Debug|Any CPU
		{96EC2494-0C88-4AD4-9FE6-B4A8D85A00FC}.Debug|Any CPU.Build.0 = Debug|Any CPU
		{96EC2494-0C88-4AD4-9FE6-B4A8D85A00FC}.Release|Any CPU.ActiveCfg = Release|Any CPU
		{96EC2494-0C88-4AD4-9FE6-B4A8D85A00FC}.Release|Any CPU.Build.0 = Release|Any CPU
	EndGlobalSection
	GlobalSection(SolutionProperties) = preSolution
		HideSolutionNode = FALSE
	EndGlobalSection
EndGlobal
